PODS:
  - Alamofire (4.5.1)
  - AlamofireImage (3.3.0):
    - Alamofire (~> 4.5)
  - Realm (2.10.2):
    - Realm/Headers (= 2.10.2)
  - Realm/Headers (2.10.2)
  - RealmSwift (2.10.2):
    - Realm (= 2.10.2)
  - RxCocoa (4.0.0-beta.0):
    - RxSwift (~> 4.0.0-beta.0)
  - RxSwift (4.0.0-beta.0)
  - SWSkelethon (0.7.3):
    - Alamofire (= 4.5.1)
    - AlamofireImage (= 3.3)
    - RealmSwift (= 2.10.2)
    - RxCocoa (~> 4.0.0-beta.0)
    - RxSwift (~> 4.0.0-beta.0)

DEPENDENCIES:
  - SWSkelethon (from `../`)

EXTERNAL SOURCES:
  SWSkelethon:
    :path: ../

SPEC CHECKSUMS:
  Alamofire: 2d95912bf4c34f164fdfc335872e8c312acaea4a
  AlamofireImage: 2e784dc5d00f04903a52c1d169181469c805c3df
  Realm: 0ef72b837fb67e9f4b098bac771ddd72c7fdbb69
  RealmSwift: 07a9ae0505091eda6b2ee7c190c3786d6e90a7b0
  RxCocoa: 8d809675f4e89c5c4c5a6900bbd11fe632ad5d86
  RxSwift: e0899fae37065c16db976cc5e3c957e4e388869c
  SWSkelethon: 965251bd333e84984d6e5b31f56cd8d4c0b305d3

PODFILE CHECKSUM: c4e908d7539efab0a5b7d165d902f38c8bf6e07f

COCOAPODS: 1.4.0.beta.1
